// !$*UTF8*$!
{
	archiveVersion = 1;
	classes = {
	};
	objectVersion = 50;
	objects = {

/* Begin PBXBuildFile section */
		A30646D725CCF63C004B76D8 /* UserListViewModel.swift in Sources */ = {isa = PBXBuildFile; fileRef = A30646D625CCF63C004B76D8 /* UserListViewModel.swift */; };
		A30646DA25CCF77B004B76D8 /* User.swift in Sources */ = {isa = PBXBuildFile; fileRef = A30646D925CCF77B004B76D8 /* User.swift */; };
		A30646DE25CCFD90004B76D8 /* APIService.swift in Sources */ = {isa = PBXBuildFile; fileRef = A30646DD25CCFD90004B76D8 /* APIService.swift */; };
		A3434BEF25CEAFF4008AC5DA /* Users.json in Resources */ = {isa = PBXBuildFile; fileRef = A3434BEE25CEAFF4008AC5DA /* Users.json */; };
		A3434BF225CEBAE6008AC5DA /* UserDetailViewController.swift in Sources */ = {isa = PBXBuildFile; fileRef = A3434BF125CEBAE6008AC5DA /* UserDetailViewController.swift */; };
		A3434C6125CFF7F1008AC5DA /* UserDetailViewModel.swift in Sources */ = {isa = PBXBuildFile; fileRef = A3434C6025CFF7F1008AC5DA /* UserDetailViewModel.swift */; };
		A3434CD825D38701008AC5DA /* AssignmentTests.swift in Sources */ = {isa = PBXBuildFile; fileRef = A3434CD725D38701008AC5DA /* AssignmentTests.swift */; };
		A3434CE225D3873F008AC5DA /* UserListViewModelTests.swift in Sources */ = {isa = PBXBuildFile; fileRef = A3434CE125D3873F008AC5DA /* UserListViewModelTests.swift */; };
		A3F7CAD825CAE8D3006A46CA /* AppDelegate.swift in Sources */ = {isa = PBXBuildFile; fileRef = A3F7CAD725CAE8D3006A46CA /* AppDelegate.swift */; };
		A3F7CADA25CAE8D3006A46CA /* SceneDelegate.swift in Sources */ = {isa = PBXBuildFile; fileRef = A3F7CAD925CAE8D3006A46CA /* SceneDelegate.swift */; };
		A3F7CADC25CAE8D3006A46CA /* userListViewController.swift in Sources */ = {isa = PBXBuildFile; fileRef = A3F7CADB25CAE8D3006A46CA /* userListViewController.swift */; };
		A3F7CADF25CAE8D3006A46CA /* Main.storyboard in Resources */ = {isa = PBXBuildFile; fileRef = A3F7CADD25CAE8D3006A46CA /* Main.storyboard */; };
		A3F7CAE125CAE8D5006A46CA /* Assets.xcassets in Resources */ = {isa = PBXBuildFile; fileRef = A3F7CAE025CAE8D5006A46CA /* Assets.xcassets */; };
		A3F7CAE425CAE8D5006A46CA /* LaunchScreen.storyboard in Resources */ = {isa = PBXBuildFile; fileRef = A3F7CAE225CAE8D5006A46CA /* LaunchScreen.storyboard */; };
/* End PBXBuildFile section */

/* Begin PBXContainerItemProxy section */
		A3434CDA25D38701008AC5DA /* PBXContainerItemProxy */ = {
			isa = PBXContainerItemProxy;
			containerPortal = A3F7CACC25CAE8D3006A46CA /* Project object */;
			proxyType = 1;
			remoteGlobalIDString = A3F7CAD325CAE8D3006A46CA;
			remoteInfo = Assignment;
		};
/* End PBXContainerItemProxy section */

/* Begin PBXFileReference section */
		A30646D625CCF63C004B76D8 /* UserListViewModel.swift */ = {isa = PBXFileReference; lastKnownFileType = sourcecode.swift; path = UserListViewModel.swift; sourceTree = "<group>"; };
		A30646D925CCF77B004B76D8 /* User.swift */ = {isa = PBXFileReference; lastKnownFileType = sourcecode.swift; path = User.swift; sourceTree = "<group>"; };
		A30646DD25CCFD90004B76D8 /* APIService.swift */ = {isa = PBXFileReference; lastKnownFileType = sourcecode.swift; path = APIService.swift; sourceTree = "<group>"; };
		A3434BEE25CEAFF4008AC5DA /* Users.json */ = {isa = PBXFileReference; lastKnownFileType = text.json; path = Users.json; sourceTree = "<group>"; };
		A3434BF125CEBAE6008AC5DA /* UserDetailViewController.swift */ = {isa = PBXFileReference; lastKnownFileType = sourcecode.swift; path = UserDetailViewController.swift; sourceTree = "<group>"; };
		A3434C6025CFF7F1008AC5DA /* UserDetailViewModel.swift */ = {isa = PBXFileReference; lastKnownFileType = sourcecode.swift; path = UserDetailViewModel.swift; sourceTree = "<group>"; };
		A3434CD525D38701008AC5DA /* AssignmentTests.xctest */ = {isa = PBXFileReference; explicitFileType = wrapper.cfbundle; includeInIndex = 0; path = AssignmentTests.xctest; sourceTree = BUILT_PRODUCTS_DIR; };
		A3434CD725D38701008AC5DA /* AssignmentTests.swift */ = {isa = PBXFileReference; lastKnownFileType = sourcecode.swift; path = AssignmentTests.swift; sourceTree = "<group>"; };
		A3434CD925D38701008AC5DA /* Info.plist */ = {isa = PBXFileReference; lastKnownFileType = text.plist.xml; path = Info.plist; sourceTree = "<group>"; };
		A3434CE125D3873F008AC5DA /* UserListViewModelTests.swift */ = {isa = PBXFileReference; lastKnownFileType = sourcecode.swift; path = UserListViewModelTests.swift; sourceTree = "<group>"; };
		A3F7CAD425CAE8D3006A46CA /* Assignment.app */ = {isa = PBXFileReference; explicitFileType = wrapper.application; includeInIndex = 0; path = Assignment.app; sourceTree = BUILT_PRODUCTS_DIR; };
		A3F7CAD725CAE8D3006A46CA /* AppDelegate.swift */ = {isa = PBXFileReference; lastKnownFileType = sourcecode.swift; path = AppDelegate.swift; sourceTree = "<group>"; };
		A3F7CAD925CAE8D3006A46CA /* SceneDelegate.swift */ = {isa = PBXFileReference; lastKnownFileType = sourcecode.swift; path = SceneDelegate.swift; sourceTree = "<group>"; };
		A3F7CADB25CAE8D3006A46CA /* userListViewController.swift */ = {isa = PBXFileReference; lastKnownFileType = sourcecode.swift; path = userListViewController.swift; sourceTree = "<group>"; };
		A3F7CADE25CAE8D3006A46CA /* Base */ = {isa = PBXFileReference; lastKnownFileType = file.storyboard; name = Base; path = Base.lproj/Main.storyboard; sourceTree = "<group>"; };
		A3F7CAE025CAE8D5006A46CA /* Assets.xcassets */ = {isa = PBXFileReference; lastKnownFileType = folder.assetcatalog; path = Assets.xcassets; sourceTree = "<group>"; };
		A3F7CAE325CAE8D5006A46CA /* Base */ = {isa = PBXFileReference; lastKnownFileType = file.storyboard; name = Base; path = Base.lproj/LaunchScreen.storyboard; sourceTree = "<group>"; };
		A3F7CAE525CAE8D5006A46CA /* Info.plist */ = {isa = PBXFileReference; lastKnownFileType = text.plist.xml; path = Info.plist; sourceTree = "<group>"; };
/* End PBXFileReference section */

/* Begin PBXFrameworksBuildPhase section */
		A3434CD225D38701008AC5DA /* Frameworks */ = {
			isa = PBXFrameworksBuildPhase;
			buildActionMask = 2147483647;
			files = (
			);
			runOnlyForDeploymentPostprocessing = 0;
		};
		A3F7CAD125CAE8D3006A46CA /* Frameworks */ = {
			isa = PBXFrameworksBuildPhase;
			buildActionMask = 2147483647;
			files = (
			);
			runOnlyForDeploymentPostprocessing = 0;
		};
/* End PBXFrameworksBuildPhase section */

/* Begin PBXGroup section */
		A30646D225CCF4D7004B76D8 /* UserList */ = {
			isa = PBXGroup;
			children = (
				A3F7CADB25CAE8D3006A46CA /* userListViewController.swift */,
				A30646D625CCF63C004B76D8 /* UserListViewModel.swift */,
			);
			path = UserList;
			sourceTree = "<group>";
		};
		A30646D325CCF4F8004B76D8 /* UserDetail */ = {
			isa = PBXGroup;
			children = (
				A3434BF125CEBAE6008AC5DA /* UserDetailViewController.swift */,
				A3434C6025CFF7F1008AC5DA /* UserDetailViewModel.swift */,
			);
			path = UserDetail;
			sourceTree = "<group>";
		};
		A3434CD625D38701008AC5DA /* AssignmentTests */ = {
			isa = PBXGroup;
			children = (
				A3434CD725D38701008AC5DA /* AssignmentTests.swift */,
				A3434CD925D38701008AC5DA /* Info.plist */,
				A3434CE125D3873F008AC5DA /* UserListViewModelTests.swift */,
			);
			path = AssignmentTests;
			sourceTree = "<group>";
		};
		A3F7CACB25CAE8D3006A46CA = {
			isa = PBXGroup;
			children = (
				A3F7CAD625CAE8D3006A46CA /* Assignment */,
				A3434CD625D38701008AC5DA /* AssignmentTests */,
				A3F7CAD525CAE8D3006A46CA /* Products */,
			);
			sourceTree = "<group>";
		};
		A3F7CAD525CAE8D3006A46CA /* Products */ = {
			isa = PBXGroup;
			children = (
				A3F7CAD425CAE8D3006A46CA /* Assignment.app */,
				A3434CD525D38701008AC5DA /* AssignmentTests.xctest */,
			);
			name = Products;
			sourceTree = "<group>";
		};
		A3F7CAD625CAE8D3006A46CA /* Assignment */ = {
			isa = PBXGroup;
			children = (
				A3F7CAEE25CAE9B6006A46CA /* Model */,
				A3F7CAEC25CAE9B6006A46CA /* Module */,
				A3F7CAED25CAE9B6006A46CA /* Service */,
				A3F7CAD725CAE8D3006A46CA /* AppDelegate.swift */,
				A3F7CAD925CAE8D3006A46CA /* SceneDelegate.swift */,
				A3F7CADD25CAE8D3006A46CA /* Main.storyboard */,
				A3F7CAE025CAE8D5006A46CA /* Assets.xcassets */,
				A3F7CAE225CAE8D5006A46CA /* LaunchScreen.storyboard */,
				A3F7CAE525CAE8D5006A46CA /* Info.plist */,
			);
			path = Assignment;
			sourceTree = "<group>";
		};
		A3F7CAEC25CAE9B6006A46CA /* Module */ = {
			isa = PBXGroup;
			children = (
				A30646D325CCF4F8004B76D8 /* UserDetail */,
				A30646D225CCF4D7004B76D8 /* UserList */,
			);
			path = Module;
			sourceTree = "<group>";
		};
		A3F7CAED25CAE9B6006A46CA /* Service */ = {
			isa = PBXGroup;
			children = (
				A30646DD25CCFD90004B76D8 /* APIService.swift */,
			);
			path = Service;
			sourceTree = "<group>";
		};
		A3F7CAEE25CAE9B6006A46CA /* Model */ = {
			isa = PBXGroup;
			children = (
				A30646D925CCF77B004B76D8 /* User.swift */,
				A3434BEE25CEAFF4008AC5DA /* Users.json */,
			);
			path = Model;
			sourceTree = "<group>";
		};
/* End PBXGroup section */

/* Begin PBXNativeTarget section */
		A3434CD425D38701008AC5DA /* AssignmentTests */ = {
			isa = PBXNativeTarget;
			buildConfigurationList = A3434CDE25D38701008AC5DA /* Build configuration list for PBXNativeTarget "AssignmentTests" */;
			buildPhases = (
				A3434CD125D38701008AC5DA /* Sources */,
				A3434CD225D38701008AC5DA /* Frameworks */,
				A3434CD325D38701008AC5DA /* Resources */,
			);
			buildRules = (
			);
			dependencies = (
				A3434CDB25D38701008AC5DA /* PBXTargetDependency */,
			);
			name = AssignmentTests;
			productName = AssignmentTests;
			productReference = A3434CD525D38701008AC5DA /* AssignmentTests.xctest */;
			productType = "com.apple.product-type.bundle.unit-test";
		};
		A3F7CAD325CAE8D3006A46CA /* Assignment */ = {
			isa = PBXNativeTarget;
			buildConfigurationList = A3F7CAE825CAE8D5006A46CA /* Build configuration list for PBXNativeTarget "Assignment" */;
			buildPhases = (
				A3F7CAD025CAE8D3006A46CA /* Sources */,
				A3F7CAD125CAE8D3006A46CA /* Frameworks */,
				A3F7CAD225CAE8D3006A46CA /* Resources */,
			);
			buildRules = (
			);
			dependencies = (
			);
			name = Assignment;
			productName = Assignment;
			productReference = A3F7CAD425CAE8D3006A46CA /* Assignment.app */;
			productType = "com.apple.product-type.application";
		};
/* End PBXNativeTarget section */

/* Begin PBXProject section */
		A3F7CACC25CAE8D3006A46CA /* Project object */ = {
			isa = PBXProject;
			attributes = {
				LastSwiftUpdateCheck = 1220;
				LastUpgradeCheck = 1220;
				TargetAttributes = {
					A3434CD425D38701008AC5DA = {
						CreatedOnToolsVersion = 12.2;
						TestTargetID = A3F7CAD325CAE8D3006A46CA;
					};
					A3F7CAD325CAE8D3006A46CA = {
						CreatedOnToolsVersion = 12.2;
					};
				};
			};
			buildConfigurationList = A3F7CACF25CAE8D3006A46CA /* Build configuration list for PBXProject "Assignment" */;
			compatibilityVersion = "Xcode 9.3";
			developmentRegion = en;
			hasScannedForEncodings = 0;
			knownRegions = (
				en,
				Base,
			);
			mainGroup = A3F7CACB25CAE8D3006A46CA;
			productRefGroup = A3F7CAD525CAE8D3006A46CA /* Products */;
			projectDirPath = "";
			projectRoot = "";
			targets = (
				A3F7CAD325CAE8D3006A46CA /* Assignment */,
				A3434CD425D38701008AC5DA /* AssignmentTests */,
			);
		};
/* End PBXProject section */

/* Begin PBXResourcesBuildPhase section */
		A3434CD325D38701008AC5DA /* Resources */ = {
			isa = PBXResourcesBuildPhase;
			buildActionMask = 2147483647;
			files = (
			);
			runOnlyForDeploymentPostprocessing = 0;
		};
		A3F7CAD225CAE8D3006A46CA /* Resources */ = {
			isa = PBXResourcesBuildPhase;
			buildActionMask = 2147483647;
			files = (
				A3434BEF25CEAFF4008AC5DA /* Users.json in Resources */,
				A3F7CAE425CAE8D5006A46CA /* LaunchScreen.storyboard in Resources */,
				A3F7CAE125CAE8D5006A46CA /* Assets.xcassets in Resources */,
				A3F7CADF25CAE8D3006A46CA /* Main.storyboard in Resources */,
			);
			runOnlyForDeploymentPostprocessing = 0;
		};
/* End PBXResourcesBuildPhase section */

/* Begin PBXSourcesBuildPhase section */
		A3434CD125D38701008AC5DA /* Sources */ = {
			isa = PBXSourcesBuildPhase;
			buildActionMask = 2147483647;
			files = (
				A3434CD825D38701008AC5DA /* AssignmentTests.swift in Sources */,
				A3434CE225D3873F008AC5DA /* UserListViewModelTests.swift in Sources */,
			);
			runOnlyForDeploymentPostprocessing = 0;
		};
		A3F7CAD025CAE8D3006A46CA /* Sources */ = {
			isa = PBXSourcesBuildPhase;
			buildActionMask = 2147483647;
			files = (
				A3434BF225CEBAE6008AC5DA /* UserDetailViewController.swift in Sources */,
				A3F7CADC25CAE8D3006A46CA /* userListViewController.swift in Sources */,
				A3434C6125CFF7F1008AC5DA /* UserDetailViewModel.swift in Sources */,
				A30646D725CCF63C004B76D8 /* UserListViewModel.swift in Sources */,
				A3F7CAD825CAE8D3006A46CA /* AppDelegate.swift in Sources */,
				A30646DA25CCF77B004B76D8 /* User.swift in Sources */,
				A30646DE25CCFD90004B76D8 /* APIService.swift in Sources */,
				A3F7CADA25CAE8D3006A46CA /* SceneDelegate.swift in Sources */,
			);
			runOnlyForDeploymentPostprocessing = 0;
		};
/* End PBXSourcesBuildPhase section */

/* Begin PBXTargetDependency section */
		A3434CDB25D38701008AC5DA /* PBXTargetDependency */ = {
			isa = PBXTargetDependency;
			target = A3F7CAD325CAE8D3006A46CA /* Assignment */;
			targetProxy = A3434CDA25D38701008AC5DA /* PBXContainerItemProxy */;
		};
/* End PBXTargetDependency section */

/* Begin PBXVariantGroup section */
		A3F7CADD25CAE8D3006A46CA /* Main.storyboard */ = {
			isa = PBXVariantGroup;
			children = (
				A3F7CADE25CAE8D3006A46CA /* Base */,
			);
			name = Main.storyboard;
			sourceTree = "<group>";
		};
		A3F7CAE225CAE8D5006A46CA /* LaunchScreen.storyboard */ = {
			isa = PBXVariantGroup;
			children = (
				A3F7CAE325CAE8D5006A46CA /* Base */,
			);
			name = LaunchScreen.storyboard;
			sourceTree = "<group>";
		};
/* End PBXVariantGroup section */

/* Begin XCBuildConfiguration section */
		A3434CDC25D38701008AC5DA /* Debug */ = {
			isa = XCBuildConfiguration;
			buildSettings = {
				BUNDLE_LOADER = "$(TEST_HOST)";
				CODE_SIGN_STYLE = Automatic;
				DEVELOPMENT_TEAM = Y3A8A28L66;
				INFOPLIST_FILE = AssignmentTests/Info.plist;
				LD_RUNPATH_SEARCH_PATHS = (
					"$(inherited)",
					"@executable_path/Frameworks",
					"@loader_path/Frameworks",
				);
				PRODUCT_BUNDLE_IDENTIFIER = Himanshu.AssignmentTests;
				PRODUCT_NAME = "$(TARGET_NAME)";
				SWIFT_VERSION = 5.0;
				TARGETED_DEVICE_FAMILY = "1,2";
				TEST_HOST = "$(BUILT_PRODUCTS_DIR)/Assignment.app/Assignment";
			};
			name = Debug;
		};
		A3434CDD25D38701008AC5DA /* Release */ = {
			isa = XCBuildConfiguration;
			buildSettings = {
				BUNDLE_LOADER = "$(TEST_HOST)";
				CODE_SIGN_STYLE = Automatic;
				DEVELOPMENT_TEAM = Y3A8A28L66;
				INFOPLIST_FILE = AssignmentTests/Info.plist;
				LD_RUNPATH_SEARCH_PATHS = (
					"$(inherited)",
					"@executable_path/Frameworks",
					"@loader_path/Frameworks",
				);
				PRODUCT_BUNDLE_IDENTIFIER = Himanshu.AssignmentTests;
				PRODUCT_NAME = "$(TARGET_NAME)";
				SWIFT_VERSION = 5.0;
				TARGETED_DEVICE_FAMILY = "1,2";
				TEST_HOST = "$(BUILT_PRODUCTS_DIR)/Assignment.app/Assignment";
			};
			name = Release;
		};
		A3F7CAE625CAE8D5006A46CA /* Debug */ = {
			isa = XCBuildConfiguration;
			buildSettings = {
				ALWAYS_SEARCH_USER_PATHS = NO;
				CLANG_ANALYZER_NONNULL = YES;
				CLANG_ANALYZER_NUMBER_OBJECT_CONVERSION = YES_AGGRESSIVE;
				CLANG_CXX_LANGUAGE_STANDARD = "gnu++14";
				CLANG_CXX_LIBRARY = "libc++";
				CLANG_ENABLE_MODULES = YES;
				CLANG_ENABLE_OBJC_ARC = YES;
				CLANG_ENABLE_OBJC_WEAK = YES;
				CLANG_WARN_BLOCK_CAPTURE_AUTORELEASING = YES;
				CLANG_WARN_BOOL_CONVERSION = YES;
				CLANG_WARN_COMMA = YES;
				CLANG_WARN_CONSTANT_CONVERSION = YES;
				CLANG_WARN_DEPRECATED_OBJC_IMPLEMENTATIONS = YES;
				CLANG_WARN_DIRECT_OBJC_ISA_USAGE = YES_ERROR;
				CLANG_WARN_DOCUMENTATION_COMMENTS = YES;
				CLANG_WARN_EMPTY_BODY = YES;
				CLANG_WARN_ENUM_CONVERSION = YES;
				CLANG_WARN_INFINITE_RECURSION = YES;
				CLANG_WARN_INT_CONVERSION = YES;
				CLANG_WARN_NON_LITERAL_NULL_CONVERSION = YES;
				CLANG_WARN_OBJC_IMPLICIT_RETAIN_SELF = YES;
				CLANG_WARN_OBJC_LITERAL_CONVERSION = YES;
				CLANG_WARN_OBJC_ROOT_CLASS = YES_ERROR;
				CLANG_WARN_QUOTED_INCLUDE_IN_FRAMEWORK_HEADER = YES;
				CLANG_WARN_RANGE_LOOP_ANALYSIS = YES;
				CLANG_WARN_STRICT_PROTOTYPES = YES;
				CLANG_WARN_SUSPICIOUS_MOVE = YES;
				CLANG_WARN_UNGUARDED_AVAILABILITY = YES_AGGRESSIVE;
				CLANG_WARN_UNREACHABLE_CODE = YES;
				CLANG_WARN__DUPLICATE_METHOD_MATCH = YES;
				COPY_PHASE_STRIP = NO;
				DEBUG_INFORMATION_FORMAT = dwarf;
				ENABLE_STRICT_OBJC_MSGSEND = YES;
				ENABLE_TESTABILITY = YES;
				GCC_C_LANGUAGE_STANDARD = gnu11;
				GCC_DYNAMIC_NO_PIC = NO;
				GCC_NO_COMMON_BLOCKS = YES;
				GCC_OPTIMIZATION_LEVEL = 0;
				GCC_PREPROCESSOR_DEFINITIONS = (
					"DEBUG=1",
					"$(inherited)",
				);
				GCC_WARN_64_TO_32_BIT_CONVERSION = YES;
				GCC_WARN_ABOUT_RETURN_TYPE = YES_ERROR;
				GCC_WARN_UNDECLARED_SELECTOR = YES;
				GCC_WARN_UNINITIALIZED_AUTOS = YES_AGGRESSIVE;
				GCC_WARN_UNUSED_FUNCTION = YES;
				GCC_WARN_UNUSED_VARIABLE = YES;
				IPHONEOS_DEPLOYMENT_TARGET = 14.2;
				MTL_ENABLE_DEBUG_INFO = INCLUDE_SOURCE;
				MTL_FAST_MATH = YES;
				ONLY_ACTIVE_ARCH = YES;
				SDKROOT = iphoneos;
				SWIFT_ACTIVE_COMPILATION_CONDITIONS = DEBUG;
				SWIFT_OPTIMIZATION_LEVEL = "-Onone";
			};
			name = Debug;
		};
		A3F7CAE725CAE8D5006A46CA /* Release */ = {
			isa = XCBuildConfiguration;
			buildSettings = {
				ALWAYS_SEARCH_USER_PATHS = NO;
				CLANG_ANALYZER_NONNULL = YES;
				CLANG_ANALYZER_NUMBER_OBJECT_CONVERSION = YES_AGGRESSIVE;
				CLANG_CXX_LANGUAGE_STANDARD = "gnu++14";
				CLANG_CXX_LIBRARY = "libc++";
				CLANG_ENABLE_MODULES = YES;
				CLANG_ENABLE_OBJC_ARC = YES;
				CLANG_ENABLE_OBJC_WEAK = YES;
				CLANG_WARN_BLOCK_CAPTURE_AUTORELEASING = YES;
				CLANG_WARN_BOOL_CONVERSION = YES;
				CLANG_WARN_COMMA = YES;
				CLANG_WARN_CONSTANT_CONVERSION = YES;
				CLANG_WARN_DEPRECATED_OBJC_IMPLEMENTATIONS = YES;
				CLANG_WARN_DIRECT_OBJC_ISA_USAGE = YES_ERROR;
				CLANG_WARN_DOCUMENTATION_COMMENTS = YES;
				CLANG_WARN_EMPTY_BODY = YES;
				CLANG_WARN_ENUM_CONVERSION = YES;
				CLANG_WARN_INFINITE_RECURSION = YES;
				CLANG_WARN_INT_CONVERSION = YES;
				CLANG_WARN_NON_LITERAL_NULL_CONVERSION = YES;
				CLANG_WARN_OBJC_IMPLICIT_RETAIN_SELF = YES;
				CLANG_WARN_OBJC_LITERAL_CONVERSION = YES;
				CLANG_WARN_OBJC_ROOT_CLASS = YES_ERROR;
				CLANG_WARN_QUOTED_INCLUDE_IN_FRAMEWORK_HEADER = YES;
				CLANG_WARN_RANGE_LOOP_ANALYSIS = YES;
				CLANG_WARN_STRICT_PROTOTYPES = YES;
				CLANG_WARN_SUSPICIOUS_MOVE = YES;
				CLANG_WARN_UNGUARDED_AVAILABILITY = YES_AGGRESSIVE;
				CLANG_WARN_UNREACHABLE_CODE = YES;
				CLANG_WARN__DUPLICATE_METHOD_MATCH = YES;
				COPY_PHASE_STRIP = NO;
				DEBUG_INFORMATION_FORMAT = "dwarf-with-dsym";
				ENABLE_NS_ASSERTIONS = NO;
				ENABLE_STRICT_OBJC_MSGSEND = YES;
				GCC_C_LANGUAGE_STANDARD = gnu11;
				GCC_NO_COMMON_BLOCKS = YES;
				GCC_WARN_64_TO_32_BIT_CONVERSION = YES;
				GCC_WARN_ABOUT_RETURN_TYPE = YES_ERROR;
				GCC_WARN_UNDECLARED_SELECTOR = YES;
				GCC_WARN_UNINITIALIZED_AUTOS = YES_AGGRESSIVE;
				GCC_WARN_UNUSED_FUNCTION = YES;
				GCC_WARN_UNUSED_VARIABLE = YES;
				IPHONEOS_DEPLOYMENT_TARGET = 14.2;
				MTL_ENABLE_DEBUG_INFO = NO;
				MTL_FAST_MATH = YES;
				SDKROOT = iphoneos;
				SWIFT_COMPILATION_MODE = wholemodule;
				SWIFT_OPTIMIZATION_LEVEL = "-O";
				VALIDATE_PRODUCT = YES;
			};
			name = Release;
		};
		A3F7CAE925CAE8D5006A46CA /* Debug */ = {
			isa = XCBuildConfiguration;
			buildSettings = {
				ASSETCATALOG_COMPILER_APPICON_NAME = AppIcon;
				ASSETCATALOG_COMPILER_GLOBAL_ACCENT_COLOR_NAME = AccentColor;
				CODE_SIGN_STYLE = Automatic;
				DEVELOPMENT_TEAM = Y3A8A28L66;
				INFOPLIST_FILE = Assignment/Info.plist;
				LD_RUNPATH_SEARCH_PATHS = (
					"$(inherited)",
					"@executable_path/Frameworks",
				);
				PRODUCT_BUNDLE_IDENTIFIER = Himanshu.Assignment;
				PRODUCT_NAME = "$(TARGET_NAME)";
				SWIFT_VERSION = 5.0;
				TARGETED_DEVICE_FAMILY = "1,2";
			};
			name = Debug;
		};
		A3F7CAEA25CAE8D5006A46CA /* Release */ = {
			isa = XCBuildConfiguration;
			buildSettings = {
				ASSETCATALOG_COMPILER_APPICON_NAME = AppIcon;
				ASSETCATALOG_COMPILER_GLOBAL_ACCENT_COLOR_NAME = AccentColor;
				CODE_SIGN_STYLE = Automatic;
				DEVELOPMENT_TEAM = Y3A8A28L66;
				INFOPLIST_FILE = Assignment/Info.plist;
				LD_RUNPATH_SEARCH_PATHS = (
					"$(inherited)",
					"@executable_path/Frameworks",
				);
				PRODUCT_BUNDLE_IDENTIFIER = Himanshu.Assignment;
				PRODUCT_NAME = "$(TARGET_NAME)";
				SWIFT_VERSION = 5.0;
				TARGETED_DEVICE_FAMILY = "1,2";
			};
			name = Release;
		};
/* End XCBuildConfiguration section */

/* Begin XCConfigurationList section */
		A3434CDE25D38701008AC5DA /* Build configuration list for PBXNativeTarget "AssignmentTests" */ = {
			isa = XCConfigurationList;
			buildConfigurations = (
				A3434CDC25D38701008AC5DA /* Debug */,
				A3434CDD25D38701008AC5DA /* Release */,
			);
			defaultConfigurationIsVisible = 0;
			defaultConfigurationName = Release;
		};
		A3F7CACF25CAE8D3006A46CA /* Build configuration list for PBXProject "Assignment" */ = {
			isa = XCConfigurationList;
			buildConfigurations = (
				A3F7CAE625CAE8D5006A46CA /* Debug */,
				A3F7CAE725CAE8D5006A46CA /* Release */,
			);
			defaultConfigurationIsVisible = 0;
			defaultConfigurationName = Release;
		};
		A3F7CAE825CAE8D5006A46CA /* Build configuration list for PBXNativeTarget "Assignment" */ = {
			isa = XCConfigurationList;
			buildConfigurations = (
				A3F7CAE925CAE8D5006A46CA /* Debug */,
				A3F7CAEA25CAE8D5006A46CA /* Release */,
			);
			defaultConfigurationIsVisible = 0;
			defaultConfigurationName = Release;
		};
/* End XCConfigurationList section */
	};
	rootObject = A3F7CACC25CAE8D3006A46CA /* Project object */;
}
